
Microsoft Visual Studio Solution File, Format Version 12.00
# Visual Studio Version 17
VisualStudioVersion = 17.5.002.0
MinimumVisualStudioVersion = 10.0.40219.1
Project("{9A19103F-16F7-4668-BE54-9A1E7A4F7556}") = "users-microservice - Backup", "users-microservice - Backup.csproj", "{8207A4A4-6C76-4509-A71D-A6F7DA19D32A}"
EndProject
Project("{9A19103F-16F7-4668-BE54-9A1E7A4F7556}") = "users-microservice", "users-microservice.csproj", "{5C249C5C-0CDD-41EC-BD7E-D03563F4FE90}"
EndProject
Global
	GlobalSection(SolutionConfigurationPlatforms) = preSolution
		Debug|Any CPU = Debug|Any CPU
		Release|Any CPU = Release|Any CPU
	EndGlobalSection
	GlobalSection(ProjectConfigurationPlatforms) = postSolution
		{8207A4A4-6C76-4509-A71D-A6F7DA19D32A}.Debug|Any CPU.ActiveCfg = Debug|Any CPU
		{8207A4A4-6C76-4509-A71D-A6F7DA19D32A}.Debug|Any CPU.Build.0 = Debug|Any CPU
		{8207A4A4-6C76-4509-A71D-A6F7DA19D32A}.Release|Any CPU.ActiveCfg = Release|Any CPU
		{8207A4A4-6C76-4509-A71D-A6F7DA19D32A}.Release|Any CPU.Build.0 = Release|Any CPU
		{5C249C5C-0CDD-41EC-BD7E-D03563F4FE90}.Debug|Any CPU.ActiveCfg = Debug|Any CPU
		{5C249C5C-0CDD-41EC-BD7E-D03563F4FE90}.Debug|Any CPU.Build.0 = Debug|Any CPU
		{5C249C5C-0CDD-41EC-BD7E-D03563F4FE90}.Release|Any CPU.ActiveCfg = Release|Any CPU
		{5C249C5C-0CDD-41EC-BD7E-D03563F4FE90}.Release|Any CPU.Build.0 = Release|Any CPU
	EndGlobalSection
	GlobalSection(SolutionProperties) = preSolution
		HideSolutionNode = FALSE
	EndGlobalSection
	GlobalSection(ExtensibilityGlobals) = postSolution
		SolutionGuid = {0E691B71-0BA2-4383-8B0D-DC113F328102}
	EndGlobalSection
EndGlobal
